
Microsoft Visual Studio Solution File, Format Version 12.00
# Visual Studio Version 16
VisualStudioVersion = 16.0.31515.178
MinimumVisualStudioVersion = 10.0.40219.1
Project("{888888A0-9F3D-457C-B088-3A5042F75D52}") = "Week6Lab2 Movie Guide Part 2", "Week6Lab2 Movie Guide Part 2.pyproj", "{529EA6A5-8874-4824-9284-6A353B4ACCAB}"
EndProject
Global
	GlobalSection(SolutionConfigurationPlatforms) = preSolution
		Debug|Any CPU = Debug|Any CPU
		Release|Any CPU = Release|Any CPU
	EndGlobalSection
	GlobalSection(ProjectConfigurationPlatforms) = postSolution
		{529EA6A5-8874-4824-9284-6A353B4ACCAB}.Debug|Any CPU.ActiveCfg = Debug|Any CPU
		{529EA6A5-8874-4824-9284-6A353B4ACCAB}.Release|Any CPU.ActiveCfg = Release|Any CPU
	EndGlobalSection
	GlobalSection(SolutionProperties) = preSolution
		HideSolutionNode = FALSE
	EndGlobalSection
	GlobalSection(ExtensibilityGlobals) = postSolution
		SolutionGuid = {FE22421A-BDA7-430C-B697-59B48DD164B0}
	EndGlobalSection
EndGlobal
